lockfileVersion: '6.0'

settings:
  autoInstallPeers: true
  excludeLinksFromLockfile: false

dependencies:
  '@pnpm/lockfile-file':
    specifier: ~9.1.2
    version: 9.1.2(@pnpm/logger@5.0.0)
  '@types/node':
    specifier: ~20.12.12
    version: 20.12.14
  tsx:
    specifier: ~4.10.5
    version: 4.10.5

packages:
  /@esbuild/aix-ppc64@0.20.2:
    resolution:
      {
        integrity: sha512-D+EBOJHXdNZcLJRBkhENNG8Wji2kgc9AZ9KiPr1JuZjsNtyHzrsfLRrY0tk2H2aoFu6RANO1y1iPPUCDYWkb5g==
      }
    engines: { node: '>=12' }
    cpu: [ppc64]
    os: [aix]
    requiresBuild: true
    dev: false
    optional: true

  /@esbuild/android-arm64@0.20.2:
    resolution:
      {
        integrity: sha512-mRzjLacRtl/tWU0SvD8lUEwb61yP9cqQo6noDZP/O8VkwafSYwZ4yWy24kan8jE/IMERpYncRt2dw438LP3Xmg==
      }
    engines: { node: '>=12' }
    cpu: [arm64]
    os: [android]
    requiresBuild: true
    dev: false
    optional: true

  /@esbuild/android-arm@0.20.2:
    resolution:
      {
        integrity: sha512-t98Ra6pw2VaDhqNWO2Oph2LXbz/EJcnLmKLGBJwEwXX/JAN83Fym1rU8l0JUWK6HkIbWONCSSatf4sf2NBRx/w==
      }
    engines: { node: '>=12' }
    cpu: [arm]
    os: [android]
    requiresBuild: true
    dev: false
    optional: true

  /@esbuild/android-x64@0.20.2:
    resolution:
      {
        integrity: sha512-btzExgV+/lMGDDa194CcUQm53ncxzeBrWJcncOBxuC6ndBkKxnHdFJn86mCIgTELsooUmwUm9FkhSp5HYu00Rg==
      }
    engines: { node: '>=12' }
    cpu: [x64]
    os: [android]
    requiresBuild: true
    dev: false
    optional: true

  /@esbuild/darwin-arm64@0.20.2:
    resolution:
      {
        integrity: sha512-4J6IRT+10J3aJH3l1yzEg9y3wkTDgDk7TSDFX+wKFiWjqWp/iCfLIYzGyasx9l0SAFPT1HwSCR+0w/h1ES/MjA==
      }
    engines: { node: '>=12' }
    cpu: [arm64]
    os: [darwin]
    requiresBuild: true
    dev: false
    optional: true

  /@esbuild/darwin-x64@0.20.2:
    resolution:
      {
        integrity: sha512-tBcXp9KNphnNH0dfhv8KYkZhjc+H3XBkF5DKtswJblV7KlT9EI2+jeA8DgBjp908WEuYll6pF+UStUCfEpdysA==
      }
    engines: { node: '>=12' }
    cpu: [x64]
    os: [darwin]
    requiresBuild: true
    dev: false
    optional: true

  /@esbuild/freebsd-arm64@0.20.2:
    resolution:
      {
        integrity: sha512-d3qI41G4SuLiCGCFGUrKsSeTXyWG6yem1KcGZVS+3FYlYhtNoNgYrWcvkOoaqMhwXSMrZRl69ArHsGJ9mYdbbw==
      }
    engines: { node: '>=12' }
    cpu: [arm64]
    os: [freebsd]
    requiresBuild: true
    dev: false
    optional: true

  /@esbuild/freebsd-x64@0.20.2:
    resolution:
      {
        integrity: sha512-d+DipyvHRuqEeM5zDivKV1KuXn9WeRX6vqSqIDgwIfPQtwMP4jaDsQsDncjTDDsExT4lR/91OLjRo8bmC1e+Cw==
      }
    engines: { node: '>=12' }
    cpu: [x64]
    os: [freebsd]
    requiresBuild: true
    dev: false
    optional: true

  /@esbuild/linux-arm64@0.20.2:
    resolution:
      {
        integrity: sha512-9pb6rBjGvTFNira2FLIWqDk/uaf42sSyLE8j1rnUpuzsODBq7FvpwHYZxQ/It/8b+QOS1RYfqgGFNLRI+qlq2A==
      }
    engines: { node: '>=12' }
    cpu: [arm64]
    os: [linux]
    requiresBuild: true
    dev: false
    optional: true

  /@esbuild/linux-arm@0.20.2:
    resolution:
      {
        integrity: sha512-VhLPeR8HTMPccbuWWcEUD1Az68TqaTYyj6nfE4QByZIQEQVWBB8vup8PpR7y1QHL3CpcF6xd5WVBU/+SBEvGTg==
      }
    engines: { node: '>=12' }
    cpu: [arm]
    os: [linux]
    requiresBuild: true
    dev: false
    optional: true

  /@esbuild/linux-ia32@0.20.2:
    resolution:
      {
        integrity: sha512-o10utieEkNPFDZFQm9CoP7Tvb33UutoJqg3qKf1PWVeeJhJw0Q347PxMvBgVVFgouYLGIhFYG0UGdBumROyiig==
      }
    engines: { node: '>=12' }
    cpu: [ia32]
    os: [linux]
    requiresBuild: true
    dev: false
    optional: true

  /@esbuild/linux-loong64@0.20.2:
    resolution:
      {
        integrity: sha512-PR7sp6R/UC4CFVomVINKJ80pMFlfDfMQMYynX7t1tNTeivQ6XdX5r2XovMmha/VjR1YN/HgHWsVcTRIMkymrgQ==
      }
    engines: { node: '>=12' }
    cpu: [loong64]
    os: [linux]
    requiresBuild: true
    dev: false
    optional: true

  /@esbuild/linux-mips64el@0.20.2:
    resolution:
      {
        integrity: sha512-4BlTqeutE/KnOiTG5Y6Sb/Hw6hsBOZapOVF6njAESHInhlQAghVVZL1ZpIctBOoTFbQyGW+LsVYZ8lSSB3wkjA==
      }
    engines: { node: '>=12' }
    cpu: [mips64el]
    os: [linux]
    requiresBuild: true
    dev: false
    optional: true

  /@esbuild/linux-ppc64@0.20.2:
    resolution:
      {
        integrity: sha512-rD3KsaDprDcfajSKdn25ooz5J5/fWBylaaXkuotBDGnMnDP1Uv5DLAN/45qfnf3JDYyJv/ytGHQaziHUdyzaAg==
      }
    engines: { node: '>=12' }
    cpu: [ppc64]
    os: [linux]
    requiresBuild: true
    dev: false
    optional: true

  /@esbuild/linux-riscv64@0.20.2:
    resolution:
      {
        integrity: sha512-snwmBKacKmwTMmhLlz/3aH1Q9T8v45bKYGE3j26TsaOVtjIag4wLfWSiZykXzXuE1kbCE+zJRmwp+ZbIHinnVg==
      }
    engines: { node: '>=12' }
    cpu: [riscv64]
    os: [linux]
    requiresBuild: true
    dev: false
    optional: true

  /@esbuild/linux-s390x@0.20.2:
    resolution:
      {
        integrity: sha512-wcWISOobRWNm3cezm5HOZcYz1sKoHLd8VL1dl309DiixxVFoFe/o8HnwuIwn6sXre88Nwj+VwZUvJf4AFxkyrQ==
      }
    engines: { node: '>=12' }
    cpu: [s390x]
    os: [linux]
    requiresBuild: true
    dev: false
    optional: true

  /@esbuild/linux-x64@0.20.2:
    resolution:
      {
        integrity: sha512-1MdwI6OOTsfQfek8sLwgyjOXAu+wKhLEoaOLTjbijk6E2WONYpH9ZU2mNtR+lZ2B4uwr+usqGuVfFT9tMtGvGw==
      }
    engines: { node: '>=12' }
    cpu: [x64]
    os: [linux]
    requiresBuild: true
    dev: false
    optional: true

  /@esbuild/netbsd-x64@0.20.2:
    resolution:
      {
        integrity: sha512-K8/DhBxcVQkzYc43yJXDSyjlFeHQJBiowJ0uVL6Tor3jGQfSGHNNJcWxNbOI8v5k82prYqzPuwkzHt3J1T1iZQ==
      }
    engines: { node: '>=12' }
    cpu: [x64]
    os: [netbsd]
    requiresBuild: true
    dev: false
    optional: true

  /@esbuild/openbsd-x64@0.20.2:
    resolution:
      {
        integrity: sha512-eMpKlV0SThJmmJgiVyN9jTPJ2VBPquf6Kt/nAoo6DgHAoN57K15ZghiHaMvqjCye/uU4X5u3YSMgVBI1h3vKrQ==
      }
    engines: { node: '>=12' }
    cpu: [x64]
    os: [openbsd]
    requiresBuild: true
    dev: false
    optional: true

  /@esbuild/sunos-x64@0.20.2:
    resolution:
      {
        integrity: sha512-2UyFtRC6cXLyejf/YEld4Hajo7UHILetzE1vsRcGL3earZEW77JxrFjH4Ez2qaTiEfMgAXxfAZCm1fvM/G/o8w==
      }
    engines: { node: '>=12' }
    cpu: [x64]
    os: [sunos]
    requiresBuild: true
    dev: false
    optional: true

  /@esbuild/win32-arm64@0.20.2:
    resolution:
      {
        integrity: sha512-GRibxoawM9ZCnDxnP3usoUDO9vUkpAxIIZ6GQI+IlVmr5kP3zUq+l17xELTHMWTWzjxa2guPNyrpq1GWmPvcGQ==
      }
    engines: { node: '>=12' }
    cpu: [arm64]
    os: [win32]
    requiresBuild: true
    dev: false
    optional: true

  /@esbuild/win32-ia32@0.20.2:
    resolution:
      {
        integrity: sha512-HfLOfn9YWmkSKRQqovpnITazdtquEW8/SoHW7pWpuEeguaZI4QnCRW6b+oZTztdBnZOS2hqJ6im/D5cPzBTTlQ==
      }
    engines: { node: '>=12' }
    cpu: [ia32]
    os: [win32]
    requiresBuild: true
    dev: false
    optional: true

  /@esbuild/win32-x64@0.20.2:
    resolution:
      {
        integrity: sha512-N49X4lJX27+l9jbLKSqZ6bKNjzQvHaT8IIFUy+YIqmXQdjYCToGWwOItDrfby14c78aDd5NHQl29xingXfCdLQ==
      }
    engines: { node: '>=12' }
    cpu: [x64]
    os: [win32]
    requiresBuild: true
    dev: false
    optional: true

  /@pnpm/constants@8.0.0:
    resolution:
      {
        integrity: sha512-yQosGUvYPpAjb1jOFcdbwekRjZRVxN6C0hHzfRCZrMKbxGjt/E0g0RcFlEDNVZ95tm4oMMcr7nEPa7H7LX3emw==
      }
    engines: { node: '>=18.12' }
    dev: false

  /@pnpm/core-loggers@10.0.3(@pnpm/logger@5.0.0):
    resolution:
      {
        integrity: sha512-G038bkMTuvmgG3XtuajnfoBS/u2CoeywRzJZb3qxvcj1XpLFTDAhHyUv/2Rr+yh6KDOVAuTWqdk+WNfeNf6yrw==
      }
    engines: { node: '>=18.12' }
    peerDependencies:
      '@pnpm/logger': ^5.0.0
    dependencies:
      '@pnpm/logger': 5.0.0
      '@pnpm/types': 11.0.0
    dev: false

  /@pnpm/crypto.base32-hash@3.0.0:
    resolution:
      {
        integrity: sha512-iGKP6rRKng5Tcad1+S+j3UoY5wVZN+z0ZgemlGp69jNgn6EaM4N0Q3mvnDNJ7UZFmL2ClXZZYLNuCk9pUYV3Xg==
      }
    engines: { node: '>=18.12' }
    dependencies:
      rfc4648: 1.5.3
    dev: false

  /@pnpm/dependency-path@5.1.2:
    resolution:
      {
        integrity: sha512-223YCb6SiCi2+112wHPiG+fWsnSpGINNYZKVwlNwZugheSRuda68SjpUbjc7JIkmceRUD8gbBguk8ynv8IS4TA==
      }
    engines: { node: '>=18.12' }
    dependencies:
      '@pnpm/crypto.base32-hash': 3.0.0
      '@pnpm/types': 11.0.0
      semver: 7.6.3
    dev: false

  /@pnpm/error@6.0.1:
    resolution:
      {
        integrity: sha512-7yjO0RgmWYb4OKgcWC33yD4Z2CxE7Tm7vXX1SmS7GDifDT/bgZZhHeS2xq/+W6y9yhwIrRSA+7AlQL1NM2wIvw==
      }
    engines: { node: '>=18.12' }
    dependencies:
      '@pnpm/constants': 8.0.0
    dev: false

  /@pnpm/fetch@8.0.3(@pnpm/logger@5.0.0):
    resolution:
      {
        integrity: sha512-yUeoVCc/pPicpdU3s+2Vzl7VfLWDUblizRbglQaaXhAawLWOAYu5a/jMoIclN2dJzh5juRPhYowMX82oTG9Y0Q==
      }
    engines: { node: '>=18.12' }
    peerDependencies:
      '@pnpm/logger': ^5.0.0
    dependencies:
      '@pnpm/core-loggers': 10.0.3(@pnpm/logger@5.0.0)
      '@pnpm/fetching-types': 6.0.0
      '@pnpm/logger': 5.0.0
      '@pnpm/network.agent': 2.0.0
      '@pnpm/types': 11.0.0
      '@zkochan/retry': 0.2.0
      node-fetch: /@pnpm/node-fetch@1.0.0
    transitivePeerDependencies:
      - domexception
      - supports-color
    dev: false

  /@pnpm/fetching-types@6.0.0:
    resolution:
      {
        integrity: sha512-fnsaegb+0q7Ku6AyCmoVtBeCuO8ytB7YMEaGHC+0MGoRsxxa6EVLgi2H4abKr8LLslf5tHJBnOH24DjST3UNfQ==
      }
    engines: { node: '>=18.12' }
    dependencies:
      '@zkochan/retry': 0.2.0
      node-fetch: /@pnpm/node-fetch@1.0.0
    transitivePeerDependencies:
      - domexception
    dev: false

  /@pnpm/git-resolver@9.0.4(@pnpm/logger@5.0.0):
    resolution:
      {
        integrity: sha512-k6jglET3h66oLwqoUBslfRWmL6ULXXIHjQoc1uLS0it+m1cI5toHWkrKJOwbI/9K3KQ88EhhulFP4tQQpS+1fg==
      }
    engines: { node: '>=18.12' }
    dependencies:
      '@pnpm/fetch': 8.0.3(@pnpm/logger@5.0.0)
      '@pnpm/resolver-base': 13.0.0
      graceful-git: 4.0.0
      hosted-git-info: /@pnpm/hosted-git-info@1.0.0
      semver: 7.6.3
    transitivePeerDependencies:
      - '@pnpm/logger'
      - domexception
      - supports-color
    dev: false

  /@pnpm/git-utils@2.0.0:
    resolution:
      {
        integrity: sha512-k1rv4Zvno/5zJAqE/Mh9V0ehlm14NsYwpXTdaGMtyhkoHvlSckRfr23OIOIM7Q/TRX+LhqyJ2kep50SY2TsZ+g==
      }
    engines: { node: '>=18.12' }
    dependencies:
      execa: /safe-execa@0.1.2
    dev: false

  /@pnpm/hosted-git-info@1.0.0:
    resolution:
      {
        integrity: sha512-QzmNiLShTnNyeTHr+cykG5hYjwph0+v49KHV36Dh8uA2rRMWw30qoZMARuxd00SYdoTwT8bIouqqmzi6TWfJHQ==
      }
    engines: { node: '>=10' }
    dependencies:
      lru-cache: 6.0.0
    dev: false

  /@pnpm/lockfile-file@9.1.2(@pnpm/logger@5.0.0):
    resolution:
      {
        integrity: sha512-kQxQOTCTt8edqj1EOGzoGO+ef8iZCKN5GHY+KdZ54Mt8LThXVIu9LYTEuNXpaRdu9kH1wpfla5TbUDK0vMEvwg==
      }
    engines: { node: '>=18.12' }
    peerDependencies:
      '@pnpm/logger': ^5.0.0
    dependencies:
      '@pnpm/constants': 8.0.0
      '@pnpm/dependency-path': 5.1.2
      '@pnpm/error': 6.0.1
      '@pnpm/git-resolver': 9.0.4(@pnpm/logger@5.0.0)
      '@pnpm/git-utils': 2.0.0
      '@pnpm/lockfile-types': 7.1.2
      '@pnpm/lockfile-utils': 11.0.3
      '@pnpm/logger': 5.0.0
      '@pnpm/merge-lockfile-changes': 6.0.4
      '@pnpm/types': 11.0.0
      '@pnpm/util.lex-comparator': 3.0.0
      '@zkochan/rimraf': 3.0.2
      comver-to-semver: 1.0.0
      js-yaml: /@zkochan/js-yaml@0.0.7
      normalize-path: 3.0.0
      ramda: /@pnpm/ramda@0.28.1
      semver: 7.6.3
      sort-keys: 4.2.0
      strip-bom: 4.0.0
      write-file-atomic: 5.0.1
    transitivePeerDependencies:
      - domexception
      - supports-color
    dev: false

  /@pnpm/lockfile-types@7.1.2:
    resolution:
      {
        integrity: sha512-+64KoK8gtTS5lxslW8ATtwwEbikW4e9i/OV5eaR+X+//5SeUA796uCN96sKu6q6OzpZi3/aVU4VgVe15MT9XKA==
      }
    engines: { node: '>=18.12' }
    dependencies:
      '@pnpm/types': 11.0.0
    dev: false

  /@pnpm/lockfile-utils@11.0.3:
    resolution:
      {
        integrity: sha512-HQ3TjUd7TCRovi6wSJ8wcSe1BxXJVs3Hf1msHSZ3Ng1Bwd8rj2mQBNu022u3279Oe1kz35APN0yYciynWWlWkA==
      }
    engines: { node: '>=18.12' }
    dependencies:
      '@pnpm/dependency-path': 5.1.2
      '@pnpm/lockfile-types': 7.1.2
      '@pnpm/pick-fetcher': 3.0.0
      '@pnpm/resolver-base': 13.0.0
      '@pnpm/types': 11.0.0
      get-npm-tarball-url: 2.1.0
      ramda: /@pnpm/ramda@0.28.1
    dev: false

  /@pnpm/logger@5.0.0:
    resolution:
      {
        integrity: sha512-YfcB2QrX+Wx1o6LD1G2Y2fhDhOix/bAY/oAnMpHoNLsKkWIRbt1oKLkIFvxBMzLwAEPqnYWguJrYC+J6i4ywbw==
      }
    engines: { node: '>=12.17' }
    dependencies:
      bole: 5.0.14
      ndjson: 2.0.0
    dev: false

  /@pnpm/merge-lockfile-changes@6.0.4:
    resolution:
      {
        integrity: sha512-S15nSd/LPZKLArnMfHpQLgK7MvNYvSs9meb839Eh29pqp2wSPHLKOroK4Upbod6SOrGtihmgjmpLaFNAYschpg==
      }
    engines: { node: '>=18.12' }
    dependencies:
      '@pnpm/lockfile-types': 7.1.2
      '@pnpm/types': 11.0.0
      comver-to-semver: 1.0.0
      ramda: /@pnpm/ramda@0.28.1
      semver: 7.6.3
    dev: false

  /@pnpm/network.agent@2.0.0:
    resolution:
      {
        integrity: sha512-CqONDs5W6vaAdgQEHyFSr4vj25Pv8eVzwI+oUvId/FBHOcTCgHndLIJGON39JnyQS40+yT9kpEj21la3rcJK2w==
      }
    engines: { node: '>=18.12' }
    dependencies:
      '@pnpm/network.config': 2.0.0
      '@pnpm/network.proxy-agent': 2.0.0
      agentkeepalive: 4.2.1
      lru-cache: 7.10.1
    transitivePeerDependencies:
      - supports-color
    dev: false

  /@pnpm/network.config@2.0.0:
    resolution:
      {
        integrity: sha512-DpTQTz4KBUgR0NNo/+/WXFlE4dy4+vgINhR9Eb+qo/Kb9RzGbhTN0ypv3sRYa6YG4UO5ft47rvEtHJ9i6VBwzA==
      }
    engines: { node: '>=18.12' }
    dependencies:
      nerf-dart: 1.0.0
    dev: false

  /@pnpm/network.proxy-agent@2.0.0:
    resolution:
      {
        integrity: sha512-gCShibUggQS1vveAzr84PhDvwoChR4HrHHdvTB8CqXHQu12eoXO8R01awalZWERrHL3fDkUQcqLqCospm2O/QQ==
      }
    engines: { node: '>=18.12' }
    dependencies:
      '@pnpm/error': 6.0.1
      http-proxy-agent: 5.0.0
      https-proxy-agent: 5.0.1
      lru-cache: 7.10.1
      socks-proxy-agent: 6.1.1
    transitivePeerDependencies:
      - supports-color
    dev: false

  /@pnpm/node-fetch@1.0.0:
    resolution:
      {
        integrity: sha512-eYwrzhKUBGFdq78rJStGjaHTUHA2VH+Avr//CVx/T+EJkI7hnFmOy6YghvcB2clj8HpO4V8tXRNuFNfRX08ayw==
      }
    engines: { node: ^10.17 || >=12.3 }
    dependencies:
      data-uri-to-buffer: 3.0.1
      fetch-blob: 2.1.2
    transitivePeerDependencies:
      - domexception
    dev: false

  /@pnpm/pick-fetcher@3.0.0:
    resolution:
      {
        integrity: sha512-2eisylRAU/jeuxFEPnS1gjLZKJGbYc4QEtEW6MVUYjO4Xi+2ttkSm7825S0J5IPpUIvln8HYPCUS0eQWSfpOaQ==
      }
    engines: { node: '>=18.12' }
    dev: false

  /@pnpm/ramda@0.28.1:
    resolution:
      {
        integrity: sha512-zcAG+lvU0fMziNeGXpPyCyCJYp5ZVrPElEE4t14jAmViaihohocZ+dDkcRIyAomox8pQsuZnv1EyHR+pOhmUWw==
      }
    dev: false

  /@pnpm/resolver-base@13.0.0:
    resolution:
      {
        integrity: sha512-hUAn2OqHEBB3MRLlbvtczI0KdNM9CJgd0hDRuLDrcaVrhZrhHDwgLywls+hWbgNvUpcdMR7k+uEIo+07Vu/Qvg==
      }
    engines: { node: '>=18.12' }
    dependencies:
      '@pnpm/types': 11.0.0
    dev: false

  /@pnpm/types@11.0.0:
    resolution:
      {
        integrity: sha512-BSdk9nlYLHHHLrTFNpmdrXrXVc+1sY/E1Fs1zqR8pY/KjpjVhxkruLZuXitPRPxbk4jSqm7UnG5WCz008iiaig==
      }
    engines: { node: '>=18.12' }
    dev: false

  /@pnpm/util.lex-comparator@3.0.0:
    resolution:
      {
        integrity: sha512-ead+l3IiuVXwKDf/QJPX6G93cwhXki3yOVEA/VdAO7AhZ5vUuSBxHe6gQKEbB0QacJ4H5VsYxeM1xUgwjjOO/Q==
      }
    engines: { node: '>=18.12' }
    dev: false

  /@tootallnate/once@2.0.0:
    resolution:
      {
        integrity: sha512-XCuKFP5PS55gnMVu3dty8KPatLqUoy/ZYzDzAGCQ8JNFCkLXzmI7vNHCR+XpbZaMWQK/vQubr7PkYq8g470J/A==
      }
    engines: { node: '>= 10' }
    dev: false

  /@types/node@20.12.14:
    resolution:
      {
        integrity: sha512-scnD59RpYD91xngrQQLGkE+6UrHUPzeKZWhhjBSa3HSkwjbQc38+q3RoIVEwxQGRw3M+j5hpNAM+lgV3cVormg==
      }
    dependencies:
      undici-types: 5.26.5
    dev: false

  /@zkochan/js-yaml@0.0.7:
    resolution:
      {
        integrity: sha512-nrUSn7hzt7J6JWgWGz78ZYI8wj+gdIJdk0Ynjpp8l+trkn58Uqsf6RYrYkEK+3X18EX+TNdtJI0WxAtc+L84SQ==
      }
    hasBin: true
    dependencies:
      argparse: 2.0.1
    dev: false

  /@zkochan/retry@0.2.0:
    resolution:
      {
        integrity: sha512-WhB+2B/ZPlW2Xy/kMJBrMbqecWXcbDDgn0K0wKBAgO2OlBTz1iLJrRWduo+DGGn0Akvz1Lu4Xvls7dJojximWw==
      }
    engines: { node: '>=10' }
    dev: false

  /@zkochan/rimraf@3.0.2:
    resolution:
      {
        integrity: sha512-GBf4ua7ogWTr7fATnzk/JLowZDBnBJMm8RkMaC/KcvxZ9gxbMWix0/jImd815LmqKyIHZ7h7lADRddGMdGBuCA==
      }
    engines: { node: '>=18.12' }
    dev: false

  /@zkochan/which@2.0.3:
    resolution:
      {
        integrity: sha512-C1ReN7vt2/2O0fyTsx5xnbQuxBrmG5NMSbcIkPKCCfCTJgpZBsuRYzFXHj3nVq8vTfK7vxHUmzfCpSHgO7j4rg==
      }
    engines: { node: '>= 8' }
    hasBin: true
    dependencies:
      isexe: 2.0.0
    dev: false

  /agent-base@6.0.2:
    resolution:
      {
        integrity: sha512-RZNwNclF7+MS/8bDg70amg32dyeZGZxiDuQmZxKLAlQjr3jGyLx+4Kkk58UO7D2QdgFIQCovuSuZESne6RG6XQ==
      }
    engines: { node: '>= 6.0.0' }
    dependencies:
      debug: 4.3.5
    transitivePeerDependencies:
      - supports-color
    dev: false

  /agentkeepalive@4.2.1:
    resolution:
      {
        integrity: sha512-Zn4cw2NEqd+9fiSVWMscnjyQ1a8Yfoc5oBajLeo5w+YBHgDUcEBY2hS4YpTz6iN5f/2zQiktcuM6tS8x1p9dpA==
      }
    engines: { node: '>= 8.0.0' }
    dependencies:
      debug: 4.3.5
      depd: 1.1.2
      humanize-ms: 1.2.1
    transitivePeerDependencies:
      - supports-color
    dev: false

  /argparse@2.0.1:
    resolution:
      {
        integrity: sha512-8+9WqebbFzpX9OR+Wa6O29asIogeRMzcGtAINdpMHHyAg10f05aSFVBbcEqGf/PXw1EjAZ+q2/bEBg3DvurK3Q==
      }
    dev: false

  /bole@5.0.14:
    resolution:
      {
        integrity: sha512-IFDlSAH1GKiQEp4NUa2Eg8RplcV2oXOFCHD/nfNqVlRNf9RgNRdxtR2g3P+Cz57uP5jAGSrq2bGUqXLQeh/h4w==
      }
    dependencies:
      fast-safe-stringify: 2.1.1
      individual: 3.0.0
    dev: false

  /comver-to-semver@1.0.0:
    resolution:
      {
        integrity: sha512-gcGtbRxjwROQOdXLUWH1fQAXqThUVRZ219aAwgtX3KfYw429/Zv6EIJRf5TBSzWdAGwePmqH7w70WTaX4MDqag==
      }
    engines: { node: '>=12.17' }
    dev: false

  /cross-spawn@7.0.3:
    resolution:
      {
        integrity: sha512-iRDPJKUPVEND7dHPO8rkbOnPpyDygcDFtWjpeWNCgy8WP2rXcxXL8TskReQl6OrB2G7+UJrags1q15Fudc7G6w==
      }
    engines: { node: '>= 8' }
    dependencies:
      path-key: 3.1.1
      shebang-command: 2.0.0
      which: 2.0.2
    dev: false

  /data-uri-to-buffer@3.0.1:
    resolution:
      {
        integrity: sha512-WboRycPNsVw3B3TL559F7kuBUM4d8CgMEvk6xEJlOp7OBPjt6G7z8WMWlD2rOFZLk6OYfFIUGsCOWzcQH9K2og==
      }
    engines: { node: '>= 6' }
    dev: false

  /debug@4.3.5:
    resolution:
      {
        integrity: sha512-pt0bNEmneDIvdL1Xsd9oDQ/wrQRkXDT4AUWlNZNPKvW5x/jyO9VFXkJUP07vQ2upmw5PlaITaPKc31jK13V+jg==
      }
    engines: { node: '>=6.0' }
    peerDependencies:
      supports-color: '*'
    peerDependenciesMeta:
      supports-color:
        optional: true
    dependencies:
      ms: 2.1.2
    dev: false

  /depd@1.1.2:
    resolution:
      {
        integrity: sha512-7emPTl6Dpo6JRXOXjLRxck+FlLRX5847cLKEn00PLAgc3g2hTZZgr+e4c2v6QpSmLeFP3n5yUo7ft6avBK/5jQ==
      }
    engines: { node: '>= 0.6' }
    dev: false

  /esbuild@0.20.2:
    resolution:
      {
        integrity: sha512-WdOOppmUNU+IbZ0PaDiTst80zjnrOkyJNHoKupIcVyU8Lvla3Ugx94VzkQ32Ijqd7UhHJy75gNWDMUekcrSJ6g==
      }
    engines: { node: '>=12' }
    hasBin: true
    requiresBuild: true
    optionalDependencies:
      '@esbuild/aix-ppc64': 0.20.2
      '@esbuild/android-arm': 0.20.2
      '@esbuild/android-arm64': 0.20.2
      '@esbuild/android-x64': 0.20.2
      '@esbuild/darwin-arm64': 0.20.2
      '@esbuild/darwin-x64': 0.20.2
      '@esbuild/freebsd-arm64': 0.20.2
      '@esbuild/freebsd-x64': 0.20.2
      '@esbuild/linux-arm': 0.20.2
      '@esbuild/linux-arm64': 0.20.2
      '@esbuild/linux-ia32': 0.20.2
      '@esbuild/linux-loong64': 0.20.2
      '@esbuild/linux-mips64el': 0.20.2
      '@esbuild/linux-ppc64': 0.20.2
      '@esbuild/linux-riscv64': 0.20.2
      '@esbuild/linux-s390x': 0.20.2
      '@esbuild/linux-x64': 0.20.2
      '@esbuild/netbsd-x64': 0.20.2
      '@esbuild/openbsd-x64': 0.20.2
      '@esbuild/sunos-x64': 0.20.2
      '@esbuild/win32-arm64': 0.20.2
      '@esbuild/win32-ia32': 0.20.2
      '@esbuild/win32-x64': 0.20.2
    dev: false

  /execa@5.1.1:
    resolution:
      {
        integrity: sha512-8uSpZZocAZRBAPIEINJj3Lo9HyGitllczc27Eh5YYojjMFMn8yHMDMaUHE2Jqfq05D/wucwI4JGURyXt1vchyg==
      }
    engines: { node: '>=10' }
    dependencies:
      cross-spawn: 7.0.3
      get-stream: 6.0.1
      human-signals: 2.1.0
      is-stream: 2.0.1
      merge-stream: 2.0.0
      npm-run-path: 4.0.1
      onetime: 5.1.2
      signal-exit: 3.0.7
      strip-final-newline: 2.0.0
    dev: false

  /fast-safe-stringify@2.1.1:
    resolution:
      {
        integrity: sha512-W+KJc2dmILlPplD/H4K9l9LcAHAfPtP6BY84uVLXQ6Evcz9Lcg33Y2z1IVblT6xdY54PXYVHEv+0Wpq8Io6zkA==
      }
    dev: false

  /fetch-blob@2.1.2:
    resolution:
      {
        integrity: sha512-YKqtUDwqLyfyMnmbw8XD6Q8j9i/HggKtPEI+pZ1+8bvheBu78biSmNaXWusx1TauGqtUUGx/cBb1mKdq2rLYow==
      }
    engines: { node: ^10.17.0 || >=12.3.0 }
    peerDependencies:
      domexception: '*'
    peerDependenciesMeta:
      domexception:
        optional: true
    dev: false

  /fsevents@2.3.3:
    resolution:
      {
        integrity: sha512-5xoDfX+fL7faATnagmWPpbFtwh/R77WmMMqqHGS65C3vvB0YHrgF+B1YmZ3441tMj5n63k0212XNoJwzlhffQw==
      }
    engines: { node: ^8.16.0 || ^10.6.0 || >=11.0.0 }
    os: [darwin]
    requiresBuild: true
    dev: false
    optional: true

  /get-npm-tarball-url@2.1.0:
    resolution:
      {
        integrity: sha512-ro+DiMu5DXgRBabqXupW38h7WPZ9+Ad8UjwhvsmmN8w1sU7ab0nzAXvVZ4kqYg57OrqomRtJvepX5/xvFKNtjA==
      }
    engines: { node: '>=12.17' }
    dev: false

  /get-stream@6.0.1:
    resolution:
      {
        integrity: sha512-ts6Wi+2j3jQjqi70w5AlN8DFnkSwC+MqmxEzdEALB2qXZYV3X/b1CTfgPLGJNMeAWxdPfU8FO1ms3NUfaHCPYg==
      }
    engines: { node: '>=10' }
    dev: false

  /get-tsconfig@4.7.5:
    resolution:
      {
        integrity: sha512-ZCuZCnlqNzjb4QprAzXKdpp/gh6KTxSJuw3IBsPnV/7fV4NxC9ckB+vPTt8w7fJA0TaSD7c55BR47JD6MEDyDw==
      }
    dependencies:
      resolve-pkg-maps: 1.0.0
    dev: false

  /graceful-git@4.0.0:
    resolution:
      {
        integrity: sha512-zK/rCH/I0DMKpPBLCElXGI7za3EnXeQFdiK6CTP02Tt1N1L+bMLghZY7cXozlx9M2bx4Q0zrY9ADYP3eI8haIw==
      }
    engines: { node: '>=18.12' }
    dependencies:
      retry: 0.13.1
      safe-execa: 0.1.4
    dev: false

  /http-proxy-agent@5.0.0:
    resolution:
      {
        integrity: sha512-n2hY8YdoRE1i7r6M0w9DIw5GgZN0G25P8zLCRQ8rjXtTU3vsNFBI/vWK/UIeE6g5MUUz6avwAPXmL6Fy9D/90w==
      }
    engines: { node: '>= 6' }
    dependencies:
      '@tootallnate/once': 2.0.0
      agent-base: 6.0.2
      debug: 4.3.5
    transitivePeerDependencies:
      - supports-color
    dev: false

  /https-proxy-agent@5.0.1:
    resolution:
      {
        integrity: sha512-dFcAjpTQFgoLMzC2VwU+C/CbS7uRL0lWmxDITmqm7C+7F0Odmj6s9l6alZc6AELXhrnggM2CeWSXHGOdX2YtwA==
      }
    engines: { node: '>= 6' }
    dependencies:
      agent-base: 6.0.2
      debug: 4.3.5
    transitivePeerDependencies:
      - supports-color
    dev: false

  /human-signals@2.1.0:
    resolution:
      {
        integrity: sha512-B4FFZ6q/T2jhhksgkbEW3HBvWIfDW85snkQgawt07S7J5QXTk6BkNV+0yAeZrM5QpMAdYlocGoljn0sJ/WQkFw==
      }
    engines: { node: '>=10.17.0' }
    dev: false

  /humanize-ms@1.2.1:
    resolution:
      {
        integrity: sha512-Fl70vYtsAFb/C06PTS9dZBo7ihau+Tu/DNCk/OyHhea07S+aeMWpFFkUaXRa8fI+ScZbEI8dfSxwY7gxZ9SAVQ==
      }
    dependencies:
      ms: 2.1.3
    dev: false

  /imurmurhash@0.1.4:
    resolution:
      {
        integrity: sha512-JmXMZ6wuvDmLiHEml9ykzqO6lwFbof0GG4IkcGaENdCRDDmMVnny7s5HsIgHCbaq0w2MyPhDqkhTUgS2LU2PHA==
      }
    engines: { node: '>=0.8.19' }
    dev: false

  /individual@3.0.0:
    resolution:
      {
        integrity: sha512-rUY5vtT748NMRbEMrTNiFfy29BgGZwGXUi2NFUVMWQrogSLzlJvQV9eeMWi+g1aVaQ53tpyLAQtd5x/JH0Nh1g==
      }
    dev: false

  /inherits@2.0.4:
    resolution:
      {
        integrity: sha512-k/vGaX4/Yla3WzyMCvTQOXYeIHvqOKtnqBduzTHpzpQZzAskKMhZ2K+EnBiSM9zGSoIFeMpXKxa4dYeZIQqewQ==
      }
    dev: false

  /ip-address@9.0.5:
    resolution:
      {
        integrity: sha512-zHtQzGojZXTwZTHQqra+ETKd4Sn3vgi7uBmlPoXVWZqYvuKmtI0l/VZTjqGmJY9x88GGOaZ9+G9ES8hC4T4X8g==
      }
    engines: { node: '>= 12' }
    dependencies:
      jsbn: 1.1.0
      sprintf-js: 1.1.3
    dev: false

  /is-plain-obj@2.1.0:
    resolution:
      {
        integrity: sha512-YWnfyRwxL/+SsrWYfOpUtz5b3YD+nyfkHvjbcanzk8zgyO4ASD67uVMRt8k5bM4lLMDnXfriRhOpemw+NfT1eA==
      }
    engines: { node: '>=8' }
    dev: false

  /is-stream@2.0.1:
    resolution:
      {
        integrity: sha512-hFoiJiTl63nn+kstHGBtewWSKnQLpyb155KHheA1l39uvtO9nWIop1p3udqPcUd/xbF1VLMO4n7OI6p7RbngDg==
      }
    engines: { node: '>=8' }
    dev: false

  /isexe@2.0.0:
    resolution:
      {
        integrity: sha512-RHxMLp9lnKHGHRng9QFhRCMbYAcVpn69smSGcq3f36xjgVVWThj4qqLbTLlq7Ssj8B+fIQ1EuCEGI2lKsyQeIw==
      }
    dev: false

  /jsbn@1.1.0:
    resolution:
      {
        integrity: sha512-4bYVV3aAMtDTTu4+xsDYa6sy9GyJ69/amsu9sYF2zqjiEoZA5xJi3BrfX3uY+/IekIu7MwdObdbDWpoZdBv3/A==
      }
    dev: false

  /json-stringify-safe@5.0.1:
    resolution:
      {
        integrity: sha512-ZClg6AaYvamvYEE82d3Iyd3vSSIjQ+odgjaTzRuO3s7toCdFKczob2i0zCh7JE8kWn17yvAWhUVxvqGwUalsRA==
      }
    dev: false

  /lru-cache@6.0.0:
    resolution:
      {
        integrity: sha512-Jo6dJ04CmSjuznwJSS3pUeWmd/H0ffTlkXXgwZi+eq1UCmqQwCh+eLsYOYCwY991i2Fah4h1BEMCx4qThGbsiA==
      }
    engines: { node: '>=10' }
    dependencies:
      yallist: 4.0.0
    dev: false

  /lru-cache@7.10.1:
    resolution:
      {
        integrity: sha512-BQuhQxPuRl79J5zSXRP+uNzPOyZw2oFI9JLRQ80XswSvg21KMKNtQza9eF42rfI/3Z40RvzBdXgziEkudzjo8A==
      }
    engines: { node: '>=12' }
    dev: false

  /merge-stream@2.0.0:
    resolution:
      {
        integrity: sha512-abv/qOcuPfk3URPfDzmZU1LKmuw8kT+0nIHvKrKgFrwifol/doWcdA4ZqsWQ8ENrFKkd67Mfpo/LovbIUsbt3w==
      }
    dev: false

  /mimic-fn@2.1.0:
    resolution:
      {
        integrity: sha512-OqbOk5oEQeAZ8WXWydlu9HJjz9WVdEIvamMCcXmuqUYjTknH/sqsWvhQ3vgwKFRR1HpjvNBKQ37nbJgYzGqGcg==
      }
    engines: { node: '>=6' }
    dev: false

  /minimist@1.2.8:
    resolution:
      {
        integrity: sha512-2yyAR8qBkN3YuheJanUpWC5U3bb5osDywNB8RzDVlDwDHbocAJveqqj1u8+SVD7jkWT4yvsHCpWqqWqAxb0zCA==
      }
    dev: false

  /ms@2.1.2:
    resolution:
      {
        integrity: sha512-sGkPx+VjMtmA6MX27oA4FBFELFCZZ4S4XqeGOXCv68tT+jb3vk/RyaKWP0PTKyWtmLSM0b+adUTEvbs1PEaH2w==
      }
    dev: false

  /ms@2.1.3:
    resolution:
      {
        integrity: sha512-6FlzubTLZG3J2a/NVCAleEhjzq5oxgHyaCU9yYXvcLsvoVaHJq/s5xXI6/XXP6tz7R9xAOtHnSO/tXtF3WRTlA==
      }
    dev: false

  /ndjson@2.0.0:
    resolution:
      {
        integrity: sha512-nGl7LRGrzugTtaFcJMhLbpzJM6XdivmbkdlaGcrk/LXg2KL/YBC6z1g70xh0/al+oFuVFP8N8kiWRucmeEH/qQ==
      }
    engines: { node: '>=10' }
    hasBin: true
    dependencies:
      json-stringify-safe: 5.0.1
      minimist: 1.2.8
      readable-stream: 3.6.2
      split2: 3.2.2
      through2: 4.0.2
    dev: false

  /nerf-dart@1.0.0:
    resolution:
      {
        integrity: sha512-EZSPZB70jiVsivaBLYDCyntd5eH8NTSMOn3rB+HxwdmKThGELLdYv8qVIMWvZEFy9w8ZZpW9h9OB32l1rGtj7g==
      }
    dev: false

  /normalize-path@3.0.0:
    resolution:
      {
        integrity: sha512-6eZs5Ls3WtCisHWp9S2GUy8dqkpGi4BVSz3GaqiE6ezub0512ESztXUwUB6C6IKbQkY2Pnb/mD4WYojCRwcwLA==
      }
    engines: { node: '>=0.10.0' }
    dev: false

  /npm-run-path@4.0.1:
    resolution:
      {
        integrity: sha512-S48WzZW777zhNIrn7gxOlISNAqi9ZC/uQFnRdbeIHhZhCA6UqpkOT8T1G7BvfdgP4Er8gF4sUbaS0i7QvIfCWw==
      }
    engines: { node: '>=8' }
    dependencies:
      path-key: 3.1.1
    dev: false

  /onetime@5.1.2:
    resolution:
      {
        integrity: sha512-kbpaSSGJTWdAY5KPVeMOKXSrPtr8C8C7wodJbcsd51jRnmD+GZu8Y0VoU6Dm5Z4vWr0Ig/1NKuWRKf7j5aaYSg==
      }
    engines: { node: '>=6' }
    dependencies:
      mimic-fn: 2.1.0
    dev: false

  /path-key@3.1.1:
    resolution:
      {
        integrity: sha512-ojmeN0qd+y0jszEtoY48r0Peq5dwMEkIlCOu6Q5f41lfkswXuKtYrhgoTpLnyIcHm24Uhqx+5Tqm2InSwLhE6Q==
      }
    engines: { node: '>=8' }
    dev: false

  /path-name@1.0.0:
    resolution:
      {
        integrity: sha512-/dcAb5vMXH0f51yvMuSUqFpxUcA8JelbRmE5mW/p4CUJxrNgK24IkstnV7ENtg2IDGBOu6izKTG6eilbnbNKWQ==
      }
    dev: false

  /readable-stream@3.6.2:
    resolution:
      {
        integrity: sha512-9u/sniCrY3D5WdsERHzHE4G2YCXqoG5FTHUiCC4SIbr6XcLZBY05ya9EKjYek9O5xOAwjGq+1JdGBAS7Q9ScoA==
      }
    engines: { node: '>= 6' }
    dependencies:
      inherits: 2.0.4
      string_decoder: 1.3.0
      util-deprecate: 1.0.2
    dev: false

  /resolve-pkg-maps@1.0.0:
    resolution:
      {
        integrity: sha512-seS2Tj26TBVOC2NIc2rOe2y2ZO7efxITtLZcGSOnHHNOQ7CkiUBfw0Iw2ck6xkIhPwLhKNLS8BO+hEpngQlqzw==
      }
    dev: false

  /retry@0.13.1:
    resolution:
      {
        integrity: sha512-XQBQ3I8W1Cge0Seh+6gjj03LbmRFWuoszgK9ooCpwYIrhhoO80pfq4cUkU5DkknwfOfFteRwlZ56PYOGYyFWdg==
      }
    engines: { node: '>= 4' }
    dev: false

  /rfc4648@1.5.3:
    resolution:
      {
        integrity: sha512-MjOWxM065+WswwnmNONOT+bD1nXzY9Km6u3kzvnx8F8/HXGZdz3T6e6vZJ8Q/RIMUSp/nxqjH3GwvJDy8ijeQQ==
      }
    dev: false

  /safe-buffer@5.2.1:
    resolution:
      {
        integrity: sha512-rp3So07KcdmmKbGvgaNxQSJr7bGVSVk5S9Eq1F+ppbRo70+YeaDxkw5Dd8NPN+GD6bjnYm2VuPuCXmpuYvmCXQ==
      }
    dev: false

  /safe-execa@0.1.2:
    resolution:
      {
        integrity: sha512-vdTshSQ2JsRCgT8eKZWNJIL26C6bVqy1SOmuCMlKHegVeo8KYRobRrefOdUq9OozSPUUiSxrylteeRmLOMFfWg==
      }
    engines: { node: '>=12' }
    dependencies:
      '@zkochan/which': 2.0.3
      execa: 5.1.1
      path-name: 1.0.0
    dev: false

  /safe-execa@0.1.4:
    resolution:
      {
        integrity: sha512-GI3k4zl4aLC3lxZNEEXAxxcXE6E3TfOsJ5xxJPhcAv9MWwnH2O9I0HrDmZFsVnu/C8wzRYSsTHdoVRmL0VicDw==
      }
    engines: { node: '>=12' }
    dependencies:
      '@zkochan/which': 2.0.3
      execa: 5.1.1
      path-name: 1.0.0
    dev: false

  /semver@7.6.3:
    resolution:
      {
        integrity: sha512-oVekP1cKtI+CTDvHWYFUcMtsK/00wmAEfyqKfNdARm8u1wNVhSgaX7A8d4UuIlUI5e84iEwOhs7ZPYRmzU9U6A==
      }
    engines: { node: '>=10' }
    hasBin: true
    dev: false

  /shebang-command@2.0.0:
    resolution:
      {
        integrity: sha512-kHxr2zZpYtdmrN1qDjrrX/Z1rR1kG8Dx+gkpK1G4eXmvXswmcE1hTWBWYUzlraYw1/yZp6YuDY77YtvbN0dmDA==
      }
    engines: { node: '>=8' }
    dependencies:
      shebang-regex: 3.0.0
    dev: false

  /shebang-regex@3.0.0:
    resolution:
      {
        integrity: sha512-7++dFhtcx3353uBaq8DDR4NuxBetBzC7ZQOhmTQInHEd6bSrXdiEyzCvG07Z44UYdLShWUyXt5M/yhz8ekcb1A==
      }
    engines: { node: '>=8' }
    dev: false

  /signal-exit@3.0.7:
    resolution:
      {
        integrity: sha512-wnD2ZE+l+SPC/uoS0vXeE9L1+0wuaMqKlfz9AMUo38JsyLSBWSFcHR1Rri62LZc12vLr1gb3jl7iwQhgwpAbGQ==
      }
    dev: false

  /signal-exit@4.1.0:
    resolution:
      {
        integrity: sha512-bzyZ1e88w9O1iNJbKnOlvYTrWPDl46O1bG0D3XInv+9tkPrxrN8jUUTiFlDkkmKWgn1M6CfIA13SuGqOa9Korw==
      }
    engines: { node: '>=14' }
    dev: false

  /smart-buffer@4.2.0:
    resolution:
      {
        integrity: sha512-94hK0Hh8rPqQl2xXc3HsaBoOXKV20MToPkcXvwbISWLEs+64sBq5kFgn2kJDHb1Pry9yrP0dxrCI9RRci7RXKg==
      }
    engines: { node: '>= 6.0.0', npm: '>= 3.0.0' }
    dev: false

  /socks-proxy-agent@6.1.1:
    resolution:
      {
        integrity: sha512-t8J0kG3csjA4g6FTbsMOWws+7R7vuRC8aQ/wy3/1OWmsgwA68zs/+cExQ0koSitUDXqhufF/YJr9wtNMZHw5Ew==
      }
    engines: { node: '>= 10' }
    dependencies:
      agent-base: 6.0.2
      debug: 4.3.5
      socks: 2.8.3
    transitivePeerDependencies:
      - supports-color
    dev: false

  /socks@2.8.3:
    resolution:
      {
        integrity: sha512-l5x7VUUWbjVFbafGLxPWkYsHIhEvmF85tbIeFZWc8ZPtoMyybuEhL7Jye/ooC4/d48FgOjSJXgsF/AJPYCW8Zw==
      }
    engines: { node: '>= 10.0.0', npm: '>= 3.0.0' }
    dependencies:
      ip-address: 9.0.5
      smart-buffer: 4.2.0
    dev: false

  /sort-keys@4.2.0:
    resolution:
      {
        integrity: sha512-aUYIEU/UviqPgc8mHR6IW1EGxkAXpeRETYcrzg8cLAvUPZcpAlleSXHV2mY7G12GphSH6Gzv+4MMVSSkbdteHg==
      }
    engines: { node: '>=8' }
    dependencies:
      is-plain-obj: 2.1.0
    dev: false

  /split2@3.2.2:
    resolution:
      {
        integrity: sha512-9NThjpgZnifTkJpzTZ7Eue85S49QwpNhZTq6GRJwObb6jnLFNGB7Qm73V5HewTROPyxD0C29xqmaI68bQtV+hg==
      }
    dependencies:
      readable-stream: 3.6.2
    dev: false

  /sprintf-js@1.1.3:
    resolution:
      {
        integrity: sha512-Oo+0REFV59/rz3gfJNKQiBlwfHaSESl1pcGyABQsnnIfWOFt6JNj5gCog2U6MLZ//IGYD+nA8nI+mTShREReaA==
      }
    dev: false

  /string_decoder@1.3.0:
    resolution:
      {
        integrity: sha512-hkRX8U1WjJFd8LsDJ2yQ/wWWxaopEsABU1XfkM8A+j0+85JAGppt16cr1Whg6KIbb4okU6Mql6BOj+uup/wKeA==
      }
    dependencies:
      safe-buffer: 5.2.1
    dev: false

  /strip-bom@4.0.0:
    resolution:
      {
        integrity: sha512-3xurFv5tEgii33Zi8Jtp55wEIILR9eh34FAW00PZf+JnSsTmV/ioewSgQl97JHvgjoRGwPShsWm+IdrxB35d0w==
      }
    engines: { node: '>=8' }
    dev: false

  /strip-final-newline@2.0.0:
    resolution:
      {
        integrity: sha512-BrpvfNAE3dcvq7ll3xVumzjKjZQ5tI1sEUIKr3Uoks0XUl45St3FlatVqef9prk4jRDzhW6WZg+3bk93y6pLjA==
      }
    engines: { node: '>=6' }
    dev: false

  /through2@4.0.2:
    resolution:
      {
        integrity: sha512-iOqSav00cVxEEICeD7TjLB1sueEL+81Wpzp2bY17uZjZN0pWZPuo4suZ/61VujxmqSGFfgOcNuTZ85QJwNZQpw==
      }
    dependencies:
      readable-stream: 3.6.2
    dev: false

  /tsx@4.10.5:
    resolution:
      {
        integrity: sha512-twDSbf7Gtea4I2copqovUiNTEDrT8XNFXsuHpfGbdpW/z9ZW4fTghzzhAG0WfrCuJmJiOEY1nLIjq4u3oujRWQ==
      }
    engines: { node: '>=18.0.0' }
    hasBin: true
    dependencies:
      esbuild: 0.20.2
      get-tsconfig: 4.7.5
    optionalDependencies:
      fsevents: 2.3.3
    dev: false

  /undici-types@5.26.5:
    resolution:
      {
        integrity: sha512-JlCMO+ehdEIKqlFxk6IfVoAUVmgz7cU7zD/h9XZ0qzeosSHmUJVOzSQvvYSYWXkFXC+IfLKSIffhv0sVZup6pA==
      }
    dev: false

  /util-deprecate@1.0.2:
    resolution:
      {
        integrity: sha512-EPD5q1uXyFxJpCrLnCc1nHnq3gOa6DZBocAIiI2TaSCA7VCJ1UJDMagCzIkXNsUYfD1daK//LTEQ8xiIbrHtcw==
      }
    dev: false

  /which@2.0.2:
    resolution:
      {
        integrity: sha512-BLI3Tl1TW3Pvl70l3yq3Y64i+awpwXqsGBYWkkqMtnbXgrMD+yj7rhW0kuEDxzJaYXGjEW5ogapKNMEKNMjibA==
      }
    engines: { node: '>= 8' }
    hasBin: true
    dependencies:
      isexe: 2.0.0
    dev: false

  /write-file-atomic@5.0.1:
    resolution:
      {
        integrity: sha512-+QU2zd6OTD8XWIJCbffaiQeH9U73qIqafo1x6V1snCWYGJf6cVE0cDR4D8xRzcEnfI21IFrUPzPGtcPf8AC+Rw==
      }
    engines: { node: ^14.17.0 || ^16.13.0 || >=18.0.0 }
    dependencies:
      imurmurhash: 0.1.4
      signal-exit: 4.1.0
    dev: false

  /yallist@4.0.0:
    resolution:
      {
        integrity: sha512-3wdGidZyq5PB084XLES5TpOSRA3wjXAlIWMhum2kRcv/41Sn2emQ0dycQW4uZXLejwKvg6EsvbdlVL+FYEct7A==
      }
    dev: false
